
Microsoft Visual Studio Solution File, Format Version 12.00
# Visual Studio Version 17
VisualStudioVersion = 17.5.33424.131
MinimumVisualStudioVersion = 10.0.40219.1
Project("{FAE04EC0-301F-11D3-BF4B-00C04F79EFBC}") = "CategoryAPI", "CategoryAPI\CategoryAPI.csproj", "{17BEB678-C4EC-4857-84E5-8BFF15F0BD12}"
EndProject
Global
	GlobalSection(SolutionConfigurationPlatforms) = preSolution
		Debug|Any CPU = Debug|Any CPU
		Release|Any CPU = Release|Any CPU
	EndGlobalSection
	GlobalSection(ProjectConfigurationPlatforms) = postSolution
		{17BEB678-C4EC-4857-84E5-8BFF15F0BD12}.Debug|Any CPU.ActiveCfg = Debug|Any CPU
		{17BEB678-C4EC-4857-84E5-8BFF15F0BD12}.Debug|Any CPU.Build.0 = Debug|Any CPU
		{17BEB678-C4EC-4857-84E5-8BFF15F0BD12}.Release|Any CPU.ActiveCfg = Release|Any CPU
		{17BEB678-C4EC-4857-84E5-8BFF15F0BD12}.Release|Any CPU.Build.0 = Release|Any CPU
	EndGlobalSection
	GlobalSection(SolutionProperties) = preSolution
		HideSolutionNode = FALSE
	EndGlobalSection
	GlobalSection(ExtensibilityGlobals) = postSolution
		SolutionGuid = {2261191A-55D7-4C46-BA00-9D9FFF4A164A}
	EndGlobalSection
EndGlobal
